
Microsoft Visual Studio Solution File, Format Version 12.00
# 
Project("{FAE04EC0-301F-11D3-BF4B-00C04F79EFBC}") = "Day01", "Day01\Day01.csproj", "{B7FDAC25-A94B-46E8-84CF-FB943C1DA4C8}"
EndProject
Project("{FAE04EC0-301F-11D3-BF4B-00C04F79EFBC}") = "Day02", "Day02\Day02.csproj", "{817EE8CA-8F90-433D-93A8-8B7B0D3B18D0}"
EndProject
Global
	GlobalSection(SolutionConfigurationPlatforms) = preSolution
		Debug|Any CPU = Debug|Any CPU
		Release|Any CPU = Release|Any CPU
	EndGlobalSection
	GlobalSection(ProjectConfigurationPlatforms) = postSolution
		{B7FDAC25-A94B-46E8-84CF-FB943C1DA4C8}.Debug|Any CPU.ActiveCfg = Debug|Any CPU
		{B7FDAC25-A94B-46E8-84CF-FB943C1DA4C8}.Debug|Any CPU.Build.0 = Debug|Any CPU
		{B7FDAC25-A94B-46E8-84CF-FB943C1DA4C8}.Release|Any CPU.ActiveCfg = Release|Any CPU
		{B7FDAC25-A94B-46E8-84CF-FB943C1DA4C8}.Release|Any CPU.Build.0 = Release|Any CPU
		{817EE8CA-8F90-433D-93A8-8B7B0D3B18D0}.Debug|Any CPU.ActiveCfg = Debug|Any CPU
		{817EE8CA-8F90-433D-93A8-8B7B0D3B18D0}.Debug|Any CPU.Build.0 = Debug|Any CPU
		{817EE8CA-8F90-433D-93A8-8B7B0D3B18D0}.Release|Any CPU.ActiveCfg = Release|Any CPU
		{817EE8CA-8F90-433D-93A8-8B7B0D3B18D0}.Release|Any CPU.Build.0 = Release|Any CPU
	EndGlobalSection
EndGlobal
